
Microsoft Visual Studio Solution File, Format Version 12.00
# Visual Studio 15
VisualStudioVersion = 15.0.28307.779
MinimumVisualStudioVersion = 10.0.40219.1
Project("{FAE04EC0-301F-11D3-BF4B-00C04F79EFBC}") = "TareaTopicosCajaRegistradora", "TareaTopicosCajaRegistradora\TareaTopicosCajaRegistradora.csproj", "{B543A71C-F944-4922-9854-A7F3FF1526A2}"
EndProject
Project("{FAE04EC0-301F-11D3-BF4B-00C04F79EFBC}") = "MetodosCajaRegistradora", "MetodosCajaRegistradora\MetodosCajaRegistradora.csproj", "{F4FA0084-E9BF-43E4-B3C3-0F73D1B060F9}"
EndProject
Global
	GlobalSection(SolutionConfigurationPlatforms) = preSolution
		Debug|Any CPU = Debug|Any CPU
		Release|Any CPU = Release|Any CPU
	EndGlobalSection
	GlobalSection(ProjectConfigurationPlatforms) = postSolution
		{B543A71C-F944-4922-9854-A7F3FF1526A2}.Debug|Any CPU.ActiveCfg = Debug|Any CPU
		{B543A71C-F944-4922-9854-A7F3FF1526A2}.Debug|Any CPU.Build.0 = Debug|Any CPU
		{B543A71C-F944-4922-9854-A7F3FF1526A2}.Release|Any CPU.ActiveCfg = Release|Any CPU
		{B543A71C-F944-4922-9854-A7F3FF1526A2}.Release|Any CPU.Build.0 = Release|Any CPU
		{F4FA0084-E9BF-43E4-B3C3-0F73D1B060F9}.Debug|Any CPU.ActiveCfg = Debug|Any CPU
		{F4FA0084-E9BF-43E4-B3C3-0F73D1B060F9}.Debug|Any CPU.Build.0 = Debug|Any CPU
		{F4FA0084-E9BF-43E4-B3C3-0F73D1B060F9}.Release|Any CPU.ActiveCfg = Release|Any CPU
		{F4FA0084-E9BF-43E4-B3C3-0F73D1B060F9}.Release|Any CPU.Build.0 = Release|Any CPU
	EndGlobalSection
	GlobalSection(SolutionProperties) = preSolution
		HideSolutionNode = FALSE
	EndGlobalSection
	GlobalSection(ExtensibilityGlobals) = postSolution
		SolutionGuid = {CC3EF860-34A6-431F-924D-77876A97798A}
	EndGlobalSection
EndGlobal
