
Microsoft Visual Studio Solution File, Format Version 12.00
# Visual Studio 15
VisualStudioVersion = 15.0.28307.779
MinimumVisualStudioVersion = 10.0.40219.1
Project("{E24C65DC-7377-472B-9ABA-BC803B73C61A}") = "CalculadoraCientifica", "CalculadoraCientifica\", "{3EDD1FD7-D936-467C-B227-A35F6481B3B3}"
	ProjectSection(WebsiteProperties) = preProject
		TargetFrameworkMoniker = ".NETFramework,Version%3Dv4.6.1"
		Debug.AspNetCompiler.VirtualPath = "/localhost_59687"
		Debug.AspNetCompiler.PhysicalPath = "CalculadoraCientifica\"
		Debug.AspNetCompiler.TargetPath = "PrecompiledWeb\localhost_59687\"
		Debug.AspNetCompiler.Updateable = "true"
		Debug.AspNetCompiler.ForceOverwrite = "true"
		Debug.AspNetCompiler.FixedNames = "false"
		Debug.AspNetCompiler.Debug = "True"
		Release.AspNetCompiler.VirtualPath = "/localhost_59687"
		Release.AspNetCompiler.PhysicalPath = "CalculadoraCientifica\"
		Release.AspNetCompiler.TargetPath = "PrecompiledWeb\localhost_59687\"
		Release.AspNetCompiler.Updateable = "true"
		Release.AspNetCompiler.ForceOverwrite = "true"
		Release.AspNetCompiler.FixedNames = "false"
		Release.AspNetCompiler.Debug = "False"
		VWDPort = "59687"
		SlnRelativePath = "CalculadoraCientifica\"
		DefaultWebSiteLanguage = "Visual C#"
	EndProjectSection
EndProject
Global
	GlobalSection(SolutionConfigurationPlatforms) = preSolution
		Debug|Any CPU = Debug|Any CPU
	EndGlobalSection
	GlobalSection(ProjectConfigurationPlatforms) = postSolution
		{3EDD1FD7-D936-467C-B227-A35F6481B3B3}.Debug|Any CPU.ActiveCfg = Debug|Any CPU
		{3EDD1FD7-D936-467C-B227-A35F6481B3B3}.Debug|Any CPU.Build.0 = Debug|Any CPU
	EndGlobalSection
	GlobalSection(SolutionProperties) = preSolution
		HideSolutionNode = FALSE
	EndGlobalSection
	GlobalSection(ExtensibilityGlobals) = postSolution
		SolutionGuid = {3EB39271-A35C-4D47-BBA9-760FF9FD8C99}
	EndGlobalSection
EndGlobal
