
Microsoft Visual Studio Solution File, Format Version 12.00
# Visual Studio 15
VisualStudioVersion = 15.0.28307.1321
MinimumVisualStudioVersion = 10.0.40219.1
Project("{FAE04EC0-301F-11D3-BF4B-00C04F79EFBC}") = "LineaBresenham", "LineaBresenham\LineaBresenham.csproj", "{15407425-4365-4B85-9BC3-019D695867CE}"
EndProject
Global
	GlobalSection(SolutionConfigurationPlatforms) = preSolution
		Debug|Any CPU = Debug|Any CPU
		Release|Any CPU = Release|Any CPU
	EndGlobalSection
	GlobalSection(ProjectConfigurationPlatforms) = postSolution
		{15407425-4365-4B85-9BC3-019D695867CE}.Debug|Any CPU.ActiveCfg = Debug|Any CPU
		{15407425-4365-4B85-9BC3-019D695867CE}.Debug|Any CPU.Build.0 = Debug|Any CPU
		{15407425-4365-4B85-9BC3-019D695867CE}.Release|Any CPU.ActiveCfg = Release|Any CPU
		{15407425-4365-4B85-9BC3-019D695867CE}.Release|Any CPU.Build.0 = Release|Any CPU
	EndGlobalSection
	GlobalSection(SolutionProperties) = preSolution
		HideSolutionNode = FALSE
	EndGlobalSection
	GlobalSection(ExtensibilityGlobals) = postSolution
		SolutionGuid = {B0210491-DF39-4786-A923-FBEAC88472DD}
	EndGlobalSection
EndGlobal
