
Microsoft Visual Studio Solution File, Format Version 12.00
# Visual Studio 15
VisualStudioVersion = 15.0.28307.779
MinimumVisualStudioVersion = 10.0.40219.1
Project("{FAE04EC0-301F-11D3-BF4B-00C04F79EFBC}") = "Ejercicio4Calculadora", "..\Examen2Topicos\Ejercicio4Calculadora\Ejercicio4Calculadora.csproj", "{F08A64E6-BB53-449E-AD87-BC0FDEE6FA53}"
EndProject
Project("{FAE04EC0-301F-11D3-BF4B-00C04F79EFBC}") = "Ejercicio4Gato", "..\Examen2Topicos\Gato\Ejercicio4Gato.csproj", "{A8614984-3726-4F7B-BCBB-218003D64523}"
EndProject
Global
	GlobalSection(SolutionConfigurationPlatforms) = preSolution
		Debug|Any CPU = Debug|Any CPU
		Release|Any CPU = Release|Any CPU
	EndGlobalSection
	GlobalSection(ProjectConfigurationPlatforms) = postSolution
		{F08A64E6-BB53-449E-AD87-BC0FDEE6FA53}.Debug|Any CPU.ActiveCfg = Debug|Any CPU
		{F08A64E6-BB53-449E-AD87-BC0FDEE6FA53}.Debug|Any CPU.Build.0 = Debug|Any CPU
		{F08A64E6-BB53-449E-AD87-BC0FDEE6FA53}.Release|Any CPU.ActiveCfg = Release|Any CPU
		{F08A64E6-BB53-449E-AD87-BC0FDEE6FA53}.Release|Any CPU.Build.0 = Release|Any CPU
		{A8614984-3726-4F7B-BCBB-218003D64523}.Debug|Any CPU.ActiveCfg = Debug|Any CPU
		{A8614984-3726-4F7B-BCBB-218003D64523}.Debug|Any CPU.Build.0 = Debug|Any CPU
		{A8614984-3726-4F7B-BCBB-218003D64523}.Release|Any CPU.ActiveCfg = Release|Any CPU
		{A8614984-3726-4F7B-BCBB-218003D64523}.Release|Any CPU.Build.0 = Release|Any CPU
	EndGlobalSection
	GlobalSection(SolutionProperties) = preSolution
		HideSolutionNode = FALSE
	EndGlobalSection
	GlobalSection(ExtensibilityGlobals) = postSolution
		SolutionGuid = {A8397A4C-798E-4B8E-9A10-018FBBC56D41}
	EndGlobalSection
EndGlobal
