
Microsoft Visual Studio Solution File, Format Version 12.00
# Visual Studio 15
VisualStudioVersion = 15.0.28307.852
MinimumVisualStudioVersion = 10.0.40219.1
Project("{FAE04EC0-301F-11D3-BF4B-00C04F79EFBC}") = "VistaMatematica", "VistaMatematica\VistaMatematica.csproj", "{C5EDF6AD-6730-4B2D-A07B-46D168C5FD9A}"
EndProject
Project("{FAE04EC0-301F-11D3-BF4B-00C04F79EFBC}") = "VistaWebMatematica", "VistaWebMatematica\VistaWebMatematica.csproj", "{F3228F7B-37F2-48D2-BC53-9BB613B202D9}"
EndProject
Global
	GlobalSection(SolutionConfigurationPlatforms) = preSolution
		Debug|Any CPU = Debug|Any CPU
		Release|Any CPU = Release|Any CPU
	EndGlobalSection
	GlobalSection(ProjectConfigurationPlatforms) = postSolution
		{C5EDF6AD-6730-4B2D-A07B-46D168C5FD9A}.Debug|Any CPU.ActiveCfg = Debug|Any CPU
		{C5EDF6AD-6730-4B2D-A07B-46D168C5FD9A}.Debug|Any CPU.Build.0 = Debug|Any CPU
		{C5EDF6AD-6730-4B2D-A07B-46D168C5FD9A}.Release|Any CPU.ActiveCfg = Release|Any CPU
		{C5EDF6AD-6730-4B2D-A07B-46D168C5FD9A}.Release|Any CPU.Build.0 = Release|Any CPU
		{F3228F7B-37F2-48D2-BC53-9BB613B202D9}.Debug|Any CPU.ActiveCfg = Debug|Any CPU
		{F3228F7B-37F2-48D2-BC53-9BB613B202D9}.Debug|Any CPU.Build.0 = Debug|Any CPU
		{F3228F7B-37F2-48D2-BC53-9BB613B202D9}.Release|Any CPU.ActiveCfg = Release|Any CPU
		{F3228F7B-37F2-48D2-BC53-9BB613B202D9}.Release|Any CPU.Build.0 = Release|Any CPU
	EndGlobalSection
	GlobalSection(SolutionProperties) = preSolution
		HideSolutionNode = FALSE
	EndGlobalSection
	GlobalSection(ExtensibilityGlobals) = postSolution
		SolutionGuid = {FD6F433A-7EE9-4525-BF61-1A7DA5EA7390}
	EndGlobalSection
EndGlobal
