
Microsoft Visual Studio Solution File, Format Version 12.00
# Visual Studio 15
VisualStudioVersion = 15.0.28307.779
MinimumVisualStudioVersion = 10.0.40219.1
Project("{FAE04EC0-301F-11D3-BF4B-00C04F79EFBC}") = "VistaMatematica2", "VistaMatematica2\VistaMatematica2.csproj", "{D43D6376-9BC3-4BC3-BD2E-2AD5AE51ED4C}"
EndProject
Global
	GlobalSection(SolutionConfigurationPlatforms) = preSolution
		Debug|Any CPU = Debug|Any CPU
		Release|Any CPU = Release|Any CPU
	EndGlobalSection
	GlobalSection(ProjectConfigurationPlatforms) = postSolution
		{D43D6376-9BC3-4BC3-BD2E-2AD5AE51ED4C}.Debug|Any CPU.ActiveCfg = Debug|Any CPU
		{D43D6376-9BC3-4BC3-BD2E-2AD5AE51ED4C}.Debug|Any CPU.Build.0 = Debug|Any CPU
		{D43D6376-9BC3-4BC3-BD2E-2AD5AE51ED4C}.Release|Any CPU.ActiveCfg = Release|Any CPU
		{D43D6376-9BC3-4BC3-BD2E-2AD5AE51ED4C}.Release|Any CPU.Build.0 = Release|Any CPU
	EndGlobalSection
	GlobalSection(SolutionProperties) = preSolution
		HideSolutionNode = FALSE
	EndGlobalSection
	GlobalSection(ExtensibilityGlobals) = postSolution
		SolutionGuid = {C82B2009-03EE-4CFB-83BA-369EFB8638B0}
	EndGlobalSection
EndGlobal
